
Microsoft Visual Studio Solution File, Format Version 12.00
# Visual Studio Version 16
VisualStudioVersion = 16.0.30907.101
MinimumVisualStudioVersion = 10.0.40219.1
Project("{FAE04EC0-301F-11D3-BF4B-00C04F79EFBC}") = "CalculadoraSimple", "CakculadoraSimple\CalculadoraSimple.csproj", "{7AFA517D-946E-4E24-86F2-ADA872918690}"
EndProject
Project("{FAE04EC0-301F-11D3-BF4B-00C04F79EFBC}") = "CalculadoraSimple.Test.Unit", "CalculadoraSimple.Test.Unit\CalculadoraSimple.Test.Unit.csproj", "{A9E08D5C-5E22-4859-BDE7-32A7B0E67F29}"
EndProject
Global
	GlobalSection(SolutionConfigurationPlatforms) = preSolution
		Debug|Any CPU = Debug|Any CPU
		Release|Any CPU = Release|Any CPU
	EndGlobalSection
	GlobalSection(ProjectConfigurationPlatforms) = postSolution
		{7AFA517D-946E-4E24-86F2-ADA872918690}.Debug|Any CPU.ActiveCfg = Debug|Any CPU
		{7AFA517D-946E-4E24-86F2-ADA872918690}.Debug|Any CPU.Build.0 = Debug|Any CPU
		{7AFA517D-946E-4E24-86F2-ADA872918690}.Release|Any CPU.ActiveCfg = Release|Any CPU
		{7AFA517D-946E-4E24-86F2-ADA872918690}.Release|Any CPU.Build.0 = Release|Any CPU
		{A9E08D5C-5E22-4859-BDE7-32A7B0E67F29}.Debug|Any CPU.ActiveCfg = Debug|Any CPU
		{A9E08D5C-5E22-4859-BDE7-32A7B0E67F29}.Debug|Any CPU.Build.0 = Debug|Any CPU
		{A9E08D5C-5E22-4859-BDE7-32A7B0E67F29}.Release|Any CPU.ActiveCfg = Release|Any CPU
		{A9E08D5C-5E22-4859-BDE7-32A7B0E67F29}.Release|Any CPU.Build.0 = Release|Any CPU
	EndGlobalSection
	GlobalSection(SolutionProperties) = preSolution
		HideSolutionNode = FALSE
	EndGlobalSection
	GlobalSection(ExtensibilityGlobals) = postSolution
		SolutionGuid = {020DB4C7-B78A-4F7A-B9E9-500115DC80FB}
	EndGlobalSection
EndGlobal
